
Microsoft Visual Studio Solution File, Format Version 12.00
# Visual Studio Version 16
VisualStudioVersion = 16.0.31321.278
MinimumVisualStudioVersion = 10.0.40219.1
Project("{FAE04EC0-301F-11D3-BF4B-00C04F79EFBC}") = "gittigidiyor", "gittigidiyor\gittigidiyor.csproj", "{FFC5751B-8EB6-486E-842E-B20FEA4C0A64}"
EndProject
Global
	GlobalSection(SolutionConfigurationPlatforms) = preSolution
		Debug|Any CPU = Debug|Any CPU
		Release|Any CPU = Release|Any CPU
	EndGlobalSection
	GlobalSection(ProjectConfigurationPlatforms) = postSolution
		{FFC5751B-8EB6-486E-842E-B20FEA4C0A64}.Debug|Any CPU.ActiveCfg = Debug|Any CPU
		{FFC5751B-8EB6-486E-842E-B20FEA4C0A64}.Debug|Any CPU.Build.0 = Debug|Any CPU
		{FFC5751B-8EB6-486E-842E-B20FEA4C0A64}.Release|Any CPU.ActiveCfg = Release|Any CPU
		{FFC5751B-8EB6-486E-842E-B20FEA4C0A64}.Release|Any CPU.Build.0 = Release|Any CPU
	EndGlobalSection
	GlobalSection(SolutionProperties) = preSolution
		HideSolutionNode = FALSE
	EndGlobalSection
	GlobalSection(ExtensibilityGlobals) = postSolution
		SolutionGuid = {F50B43DD-3BD0-4794-8DB8-8B83B7EC49B9}
	EndGlobalSection
EndGlobal
